
Microsoft Visual Studio Solution File, Format Version 12.00
# Visual Studio 15
VisualStudioVersion = 15.0.26730.16
MinimumVisualStudioVersion = 10.0.40219.1
Project("{FAE04EC0-301F-11D3-BF4B-00C04F79EFBC}") = "VirtualFuncObservable", "VirtualFuncObservable.csproj", "{17854A87-7DAF-4724-ABCA-1AD0E26B9805}"
EndProject
Global
	GlobalSection(SolutionConfigurationPlatforms) = preSolution
		Debug|Any CPU = Debug|Any CPU
		Release|Any CPU = Release|Any CPU
	EndGlobalSection
	GlobalSection(ProjectConfigurationPlatforms) = postSolution
		{17854A87-7DAF-4724-ABCA-1AD0E26B9805}.Debug|Any CPU.ActiveCfg = Debug|Any CPU
		{17854A87-7DAF-4724-ABCA-1AD0E26B9805}.Debug|Any CPU.Build.0 = Debug|Any CPU
		{17854A87-7DAF-4724-ABCA-1AD0E26B9805}.Release|Any CPU.ActiveCfg = Release|Any CPU
		{17854A87-7DAF-4724-ABCA-1AD0E26B9805}.Release|Any CPU.Build.0 = Release|Any CPU
	EndGlobalSection
	GlobalSection(SolutionProperties) = preSolution
		HideSolutionNode = FALSE
	EndGlobalSection
	GlobalSection(ExtensibilityGlobals) = postSolution
		SolutionGuid = {AA057A9E-B81C-495A-8602-12DA557AB3A3}
	EndGlobalSection
EndGlobal
